{
  "version": 3,
  "targets": {
    "net9.0/win-x64": {
      "fable/4.24.0": {
        "type": "package",
        "tools": {
          "tools/net6.0/any/Buildalyzer.Logger.dll": {},
          "tools/net6.0/any/Buildalyzer.dll": {},
          "tools/net6.0/any/DotnetToolSettings.xml": {},
          "tools/net6.0/any/FSharp.Compiler.Service.dll": {},
          "tools/net6.0/any/FSharp.Compiler.Service.xml": {},
          "tools/net6.0/any/FSharp.Core.dll": {},
          "tools/net6.0/any/FSharp.Core.xml": {},
          "tools/net6.0/any/FSharp.DependencyManager.Nuget.dll": {},
          "tools/net6.0/any/FSharp.DependencyManager.Nuget.xml": {},
          "tools/net6.0/any/FSharp.SystemTextJson.dll": {},
          "tools/net6.0/any/Fable.AST.dll": {},
          "tools/net6.0/any/Fable.AST.pdb": {},
          "tools/net6.0/any/Fable.AST.xml": {},
          "tools/net6.0/any/Fable.Compiler.dll": {},
          "tools/net6.0/any/Fable.Compiler.xml": {},
          "tools/net6.0/any/Fable.Transforms.dll": {},
          "tools/net6.0/any/Fable.Transforms.xml": {},
          "tools/net6.0/any/Microsoft.Build.Framework.dll": {},
          "tools/net6.0/any/Microsoft.Build.Tasks.Core.dll": {},
          "tools/net6.0/any/Microsoft.Build.Utilities.Core.dll": {},
          "tools/net6.0/any/Microsoft.Build.dll": {},
          "tools/net6.0/any/Microsoft.DotNet.PlatformAbstractions.dll": {},
          "tools/net6.0/any/Microsoft.Extensions.Configuration.Abstractions.dll": {},
          "tools/net6.0/any/Microsoft.Extensions.Configuration.Binder.dll": {},
          "tools/net6.0/any/Microsoft.Extensions.Configuration.dll": {},
          "tools/net6.0/any/Microsoft.Extensions.DependencyInjection.Abstractions.dll": {},
          "tools/net6.0/any/Microsoft.Extensions.DependencyInjection.dll": {},
          "tools/net6.0/any/Microsoft.Extensions.DependencyModel.dll": {},
          "tools/net6.0/any/Microsoft.Extensions.Logging.Abstractions.dll": {},
          "tools/net6.0/any/Microsoft.Extensions.Logging.Configuration.dll": {},
          "tools/net6.0/any/Microsoft.Extensions.Logging.Console.dll": {},
          "tools/net6.0/any/Microsoft.Extensions.Logging.dll": {},
          "tools/net6.0/any/Microsoft.Extensions.Options.ConfigurationExtensions.dll": {},
          "tools/net6.0/any/Microsoft.Extensions.Options.dll": {},
          "tools/net6.0/any/Microsoft.Extensions.Primitives.dll": {},
          "tools/net6.0/any/Microsoft.Win32.SystemEvents.dll": {},
          "tools/net6.0/any/MsBuildPipeLogger.Logger.dll": {},
          "tools/net6.0/any/MsBuildPipeLogger.Server.dll": {},
          "tools/net6.0/any/Newtonsoft.Json.dll": {},
          "tools/net6.0/any/NuGet.Frameworks.dll": {},
          "tools/net6.0/any/Rust.AST.dll": {},
          "tools/net6.0/any/Rust.AST.pdb": {},
          "tools/net6.0/any/Rust.AST.xml": {},
          "tools/net6.0/any/StructuredLogger.dll": {},
          "tools/net6.0/any/System.CodeDom.dll": {},
          "tools/net6.0/any/System.Drawing.Common.dll": {},
          "tools/net6.0/any/System.Resources.Extensions.dll": {},
          "tools/net6.0/any/System.Security.Cryptography.Pkcs.dll": {},
          "tools/net6.0/any/System.Security.Cryptography.Xml.dll": {},
          "tools/net6.0/any/System.Security.Permissions.dll": {},
          "tools/net6.0/any/System.Text.Encodings.Web.dll": {},
          "tools/net6.0/any/System.Text.Json.dll": {},
          "tools/net6.0/any/System.Windows.Extensions.dll": {},
          "tools/net6.0/any/cs/FSharp.Core.resources.dll": {},
          "tools/net6.0/any/de/FSharp.Core.resources.dll": {},
          "tools/net6.0/any/es/FSharp.Core.resources.dll": {},
          "tools/net6.0/any/fable.deps.json": {},
          "tools/net6.0/any/fable.dll": {},
          "tools/net6.0/any/fable.pdb": {},
          "tools/net6.0/any/fable.runtimeconfig.json": {},
          "tools/net6.0/any/fable.xml": {},
          "tools/net6.0/any/fr/FSharp.Core.resources.dll": {},
          "tools/net6.0/any/it/FSharp.Core.resources.dll": {},
          "tools/net6.0/any/ja/FSharp.Core.resources.dll": {},
          "tools/net6.0/any/ko/FSharp.Core.resources.dll": {},
          "tools/net6.0/any/pl/FSharp.Core.resources.dll": {},
          "tools/net6.0/any/pt-BR/FSharp.Core.resources.dll": {},
          "tools/net6.0/any/ru/FSharp.Core.resources.dll": {},
          "tools/net6.0/any/runtimes/browser/lib/net6.0/System.Text.Encodings.Web.dll": {},
          "tools/net6.0/any/runtimes/unix/lib/netcoreapp3.0/System.Drawing.Common.dll": {},
          "tools/net6.0/any/runtimes/win/lib/netcoreapp3.0/Microsoft.Win32.SystemEvents.dll": {},
          "tools/net6.0/any/runtimes/win/lib/netcoreapp3.0/System.Drawing.Common.dll": {},
          "tools/net6.0/any/runtimes/win/lib/netcoreapp3.0/System.Security.Cryptography.Pkcs.dll": {},
          "tools/net6.0/any/runtimes/win/lib/netcoreapp3.0/System.Windows.Extensions.dll": {},
          "tools/net6.0/any/source-map-sharp.dll": {},
          "tools/net6.0/any/tr/FSharp.Core.resources.dll": {},
          "tools/net6.0/any/zh-Hans/FSharp.Core.resources.dll": {},
          "tools/net6.0/any/zh-Hant/FSharp.Core.resources.dll": {}
        }
      }
    }
  },
  "libraries": {},
  "projectFileDependencyGroups": {}
}